// !$*UTF8*$!
{
	archiveVersion = 1;
	classes = {
	};
	objectVersion = 46;
	objects = {

/* Begin PBXCopyFilesBuildPhase section */
		58B511D91A9E6C8500147676 /* CopyFiles */ = {
			isa = PBXCopyFilesBuildPhase;
			buildActionMask = 2147483647;
			dstPath = "include/$(PRODUCT_NAME)";
			dstSubfolderSpec = 16;
			files = (
			);
			runOnlyForDeploymentPostprocessing = 0;
		};
/* End PBXCopyFilesBuildPhase section */

/* Begin PBXFileReference section */
		134814201AA4EA6300B7C361 /* libBacktraceReactNative.a */ = {isa = PBXFileReference; explicitFileType = archive.ar; includeInIndex = 0; path = libBacktraceReactNative.a; sourceTree = BUILT_PRODUCTS_DIR; };
		5B861DA92AB0A51E00C25F05 /* BacktraceMemoryUsageAttributeProvider.mm */ = {isa = PBXFileReference; lastKnownFileType = sourcecode.cpp.objcpp; path = BacktraceMemoryUsageAttributeProvider.mm; sourceTree = "<group>"; };
		5B861DAA2AB0A51E00C25F05 /* BacktraceMemoryUsageAttributeProvider.h */ = {isa = PBXFileReference; lastKnownFileType = sourcecode.c.h; path = BacktraceMemoryUsageAttributeProvider.h; sourceTree = "<group>"; };
		5B861DAB2AB0ADA300C25F05 /* BacktraceDeviceAttributeProvider.mm */ = {isa = PBXFileReference; lastKnownFileType = sourcecode.cpp.objcpp; path = BacktraceDeviceAttributeProvider.mm; sourceTree = "<group>"; };
		5B861DAC2AB0ADA300C25F05 /* BacktraceDeviceAttributeProvider.h */ = {isa = PBXFileReference; lastKnownFileType = sourcecode.c.h; path = BacktraceDeviceAttributeProvider.h; sourceTree = "<group>"; };
		5B861DAD2AB0BA3200C25F05 /* BacktraceSystemAttributeProvider.h */ = {isa = PBXFileReference; lastKnownFileType = sourcecode.c.h; path = BacktraceSystemAttributeProvider.h; sourceTree = "<group>"; };
		5B861DAE2AB0BA3200C25F05 /* BacktraceSystemAttributeProvider.mm */ = {isa = PBXFileReference; lastKnownFileType = sourcecode.cpp.objcpp; path = BacktraceSystemAttributeProvider.mm; sourceTree = "<group>"; };
		5B861DAF2AB1CBE100C25F05 /* BacktraceCpuAttributeProvider.h */ = {isa = PBXFileReference; lastKnownFileType = sourcecode.c.h; path = BacktraceCpuAttributeProvider.h; sourceTree = "<group>"; };
		5B861DB02AB1CBE100C25F05 /* BacktraceCpuAttributeProvider.mm */ = {isa = PBXFileReference; lastKnownFileType = sourcecode.cpp.objcpp; path = BacktraceCpuAttributeProvider.mm; sourceTree = "<group>"; };
		5BCA76562AAF16840066D745 /* libBacktrace-Unity-Cocoa.a */ = {isa = PBXFileReference; lastKnownFileType = archive.ar; path = "libBacktrace-Unity-Cocoa.a"; sourceTree = "<group>"; };
		5BCA76592AAF2B650066D745 /* BacktraceApi.mm */ = {isa = PBXFileReference; lastKnownFileType = sourcecode.cpp.objcpp; path = BacktraceApi.mm; sourceTree = "<group>"; };
		5BCA765A2AAF2B650066D745 /* BacktraceApi.h */ = {isa = PBXFileReference; lastKnownFileType = sourcecode.c.h; path = BacktraceApi.h; sourceTree = "<group>"; };
		5BCA765B2AAF2C570066D745 /* OomWatcher.mm */ = {isa = PBXFileReference; lastKnownFileType = sourcecode.cpp.objcpp; path = OomWatcher.mm; sourceTree = "<group>"; };
		5BCA765C2AAF2C680066D745 /* OomWatcher.h */ = {isa = PBXFileReference; lastKnownFileType = sourcecode.c.h; path = OomWatcher.h; sourceTree = "<group>"; };
		5BCA765D2AAF2CE60066D745 /* CrashUtils.mm */ = {isa = PBXFileReference; lastKnownFileType = sourcecode.cpp.objcpp; path = CrashUtils.mm; sourceTree = "<group>"; };
		5BCA765E2AAF2CE60066D745 /* CrashUtils.h */ = {isa = PBXFileReference; lastKnownFileType = sourcecode.c.h; path = CrashUtils.h; sourceTree = "<group>"; };
		5BD713EB2AAB80190029E295 /* BacktraceApplicationAttributeProvider.h */ = {isa = PBXFileReference; lastKnownFileType = sourcecode.c.h; path = BacktraceApplicationAttributeProvider.h; sourceTree = "<group>"; };
		5BD713EC2AAB80230029E295 /* BacktraceApplicationAttributeProvider.mm */ = {isa = PBXFileReference; fileEncoding = 4; lastKnownFileType = sourcecode.cpp.objcpp; path = BacktraceApplicationAttributeProvider.mm; sourceTree = "<group>"; };
		5BD713EE2AAB803A0029E295 /* BacktraceCrashReporter.h */ = {isa = PBXFileReference; lastKnownFileType = sourcecode.c.h; path = BacktraceCrashReporter.h; sourceTree = "<group>"; };
		5BD713EF2AAB80400029E295 /* BacktraceCrashReporter.mm */ = {isa = PBXFileReference; fileEncoding = 4; lastKnownFileType = sourcecode.cpp.objcpp; path = BacktraceCrashReporter.mm; sourceTree = "<group>"; };
		5BDB143C2AD45BE00098C96E /* BacktraceDirectoryProvider.mm */ = {isa = PBXFileReference; lastKnownFileType = sourcecode.cpp.objcpp; path = BacktraceDirectoryProvider.mm; sourceTree = "<group>"; };
		5BDB143D2AD45BE00098C96E /* BacktraceDirectoryProvider.h */ = {isa = PBXFileReference; lastKnownFileType = sourcecode.c.h; path = BacktraceDirectoryProvider.h; sourceTree = "<group>"; };
		5BDB143E2AD460CA0098C96E /* BacktraceFileSystemProvider.h */ = {isa = PBXFileReference; lastKnownFileType = sourcecode.c.h; path = BacktraceFileSystemProvider.h; sourceTree = "<group>"; };
		5BDB143F2AD460CA0098C96E /* BacktraceFileSystemProvider.mm */ = {isa = PBXFileReference; lastKnownFileType = sourcecode.cpp.objcpp; path = BacktraceFileSystemProvider.mm; sourceTree = "<group>"; };
		5BDB14402AD46FBD0098C96E /* AlternatingFileWriter.mm */ = {isa = PBXFileReference; lastKnownFileType = sourcecode.cpp.objcpp; path = AlternatingFileWriter.mm; sourceTree = "<group>"; };
		5BDB14412AD46FBD0098C96E /* AlternatingFileWriter.h */ = {isa = PBXFileReference; lastKnownFileType = sourcecode.c.h; path = AlternatingFileWriter.h; sourceTree = "<group>"; };
		B3E7B5881CC2AC0600A0062D /* BacktraceReactNative.h */ = {isa = PBXFileReference; fileEncoding = 4; lastKnownFileType = sourcecode.c.h; path = BacktraceReactNative.h; sourceTree = "<group>"; };
		B3E7B5891CC2AC0600A0062D /* BacktraceReactNative.mm */ = {isa = PBXFileReference; fileEncoding = 4; lastKnownFileType = sourcecode.c.objc; path = BacktraceReactNative.mm; sourceTree = "<group>"; };
/* End PBXFileReference section */

/* Begin PBXFrameworksBuildPhase section */
		58B511D81A9E6C8500147676 /* Frameworks */ = {
			isa = PBXFrameworksBuildPhase;
			buildActionMask = 2147483647;
			files = (
			);
			runOnlyForDeploymentPostprocessing = 0;
		};
/* End PBXFrameworksBuildPhase section */

/* Begin PBXGroup section */
		134814211AA4EA7D00B7C361 /* Products */ = {
			isa = PBXGroup;
			children = (
				134814201AA4EA6300B7C361 /* libBacktraceReactNative.a */,
			);
			name = Products;
			sourceTree = "<group>";
		};
		58B511D21A9E6C8500147676 = {
			isa = PBXGroup;
			children = (
				5BDB14402AD46FBD0098C96E /* AlternatingFileWriter.mm */,
				5BDB14412AD46FBD0098C96E /* AlternatingFileWriter.h */,
				5BDB143E2AD460CA0098C96E /* BacktraceFileSystemProvider.h */,
				5BDB143F2AD460CA0098C96E /* BacktraceFileSystemProvider.mm */,
				5BDB143C2AD45BE00098C96E /* BacktraceDirectoryProvider.mm */,
				5BDB143D2AD45BE00098C96E /* BacktraceDirectoryProvider.h */,
				5B861DAF2AB1CBE100C25F05 /* BacktraceCpuAttributeProvider.h */,
				5B861DB02AB1CBE100C25F05 /* BacktraceCpuAttributeProvider.mm */,
				5B861DAD2AB0BA3200C25F05 /* BacktraceSystemAttributeProvider.h */,
				5B861DAE2AB0BA3200C25F05 /* BacktraceSystemAttributeProvider.mm */,
				5B861DAB2AB0ADA300C25F05 /* BacktraceDeviceAttributeProvider.mm */,
				5B861DAC2AB0ADA300C25F05 /* BacktraceDeviceAttributeProvider.h */,
				5B861DA92AB0A51E00C25F05 /* BacktraceMemoryUsageAttributeProvider.mm */,
				5B861DAA2AB0A51E00C25F05 /* BacktraceMemoryUsageAttributeProvider.h */,
				5BCA765D2AAF2CE60066D745 /* CrashUtils.mm */,
				5BCA765E2AAF2CE60066D745 /* CrashUtils.h */,
				5BCA765C2AAF2C680066D745 /* OomWatcher.h */,
				5BCA765B2AAF2C570066D745 /* OomWatcher.mm */,
				5BCA76592AAF2B650066D745 /* BacktraceApi.mm */,
				5BCA765A2AAF2B650066D745 /* BacktraceApi.h */,
				B3E7B5881CC2AC0600A0062D /* BacktraceReactNative.h */,
				5BD713EF2AAB80400029E295 /* BacktraceCrashReporter.mm */,
				5BD713EC2AAB80230029E295 /* BacktraceApplicationAttributeProvider.mm */,
				5BD713EE2AAB803A0029E295 /* BacktraceCrashReporter.h */,
				5BD713EB2AAB80190029E295 /* BacktraceApplicationAttributeProvider.h */,
				B3E7B5891CC2AC0600A0062D /* BacktraceReactNative.mm */,
				134814211AA4EA7D00B7C361 /* Products */,
				5BCA76552AAF16840066D745 /* Frameworks */,
			);
			sourceTree = "<group>";
		};
		5BCA76552AAF16840066D745 /* Frameworks */ = {
			isa = PBXGroup;
			children = (
				5BCA76562AAF16840066D745 /* libBacktrace-Unity-Cocoa.a */,
			);
			name = Frameworks;
			sourceTree = "<group>";
		};
/* End PBXGroup section */

/* Begin PBXNativeTarget section */
		58B511DA1A9E6C8500147676 /* BacktraceReactNative */ = {
			isa = PBXNativeTarget;
			buildConfigurationList = 58B511EF1A9E6C8500147676 /* Build configuration list for PBXNativeTarget "BacktraceReactNative" */;
			buildPhases = (
				58B511D71A9E6C8500147676 /* Sources */,
				58B511D81A9E6C8500147676 /* Frameworks */,
				58B511D91A9E6C8500147676 /* CopyFiles */,
			);
			buildRules = (
			);
			dependencies = (
			);
			name = BacktraceReactNative;
			productName = RCTDataManager;
			productReference = 134814201AA4EA6300B7C361 /* libBacktraceReactNative.a */;
			productType = "com.apple.product-type.library.static";
		};
/* End PBXNativeTarget section */

/* Begin PBXProject section */
		58B511D31A9E6C8500147676 /* Project object */ = {
			isa = PBXProject;
			attributes = {
				LastUpgradeCheck = 0920;
				ORGANIZATIONNAME = Facebook;
				TargetAttributes = {
					58B511DA1A9E6C8500147676 = {
						CreatedOnToolsVersion = 6.1.1;
					};
				};
			};
			buildConfigurationList = 58B511D61A9E6C8500147676 /* Build configuration list for PBXProject "BacktraceReactNative" */;
			compatibilityVersion = "Xcode 3.2";
			developmentRegion = English;
			hasScannedForEncodings = 0;
			knownRegions = (
				English,
				en,
			);
			mainGroup = 58B511D21A9E6C8500147676;
			productRefGroup = 58B511D21A9E6C8500147676;
			projectDirPath = "";
			projectRoot = "";
			targets = (
				58B511DA1A9E6C8500147676 /* BacktraceReactNative */,
			);
		};
/* End PBXProject section */

/* Begin PBXSourcesBuildPhase section */
		58B511D71A9E6C8500147676 /* Sources */ = {
			isa = PBXSourcesBuildPhase;
			buildActionMask = 2147483647;
			files = (
			);
			runOnlyForDeploymentPostprocessing = 0;
		};
/* End PBXSourcesBuildPhase section */

/* Begin XCBuildConfiguration section */
		58B511ED1A9E6C8500147676 /* Debug */ = {
			isa = XCBuildConfiguration;
			buildSettings = {
				ALWAYS_SEARCH_USER_PATHS = NO;
				CLANG_CXX_LANGUAGE_STANDARD = "gnu++0x";
				CLANG_CXX_LIBRARY = "libc++";
				CLANG_ENABLE_MODULES = YES;
				CLANG_ENABLE_OBJC_ARC = YES;
				CLANG_WARN_BLOCK_CAPTURE_AUTORELEASING = YES;
				CLANG_WARN_BOOL_CONVERSION = YES;
				CLANG_WARN_COMMA = YES;
				CLANG_WARN_CONSTANT_CONVERSION = YES;
				CLANG_WARN_DIRECT_OBJC_ISA_USAGE = YES_ERROR;
				CLANG_WARN_EMPTY_BODY = YES;
				CLANG_WARN_ENUM_CONVERSION = YES;
				CLANG_WARN_INFINITE_RECURSION = YES;
				CLANG_WARN_INT_CONVERSION = YES;
				CLANG_WARN_NON_LITERAL_NULL_CONVERSION = YES;
				CLANG_WARN_OBJC_LITERAL_CONVERSION = YES;
				CLANG_WARN_OBJC_ROOT_CLASS = YES_ERROR;
				CLANG_WARN_RANGE_LOOP_ANALYSIS = YES;
				CLANG_WARN_STRICT_PROTOTYPES = YES;
				CLANG_WARN_SUSPICIOUS_MOVE = YES;
				CLANG_WARN_UNREACHABLE_CODE = YES;
				CLANG_WARN__DUPLICATE_METHOD_MATCH = YES;
				COPY_PHASE_STRIP = NO;
				ENABLE_STRICT_OBJC_MSGSEND = YES;
				ENABLE_TESTABILITY = YES;
				"EXCLUDED_ARCHS[sdk=*]" = arm64;
				GCC_C_LANGUAGE_STANDARD = gnu99;
				GCC_DYNAMIC_NO_PIC = NO;
				GCC_NO_COMMON_BLOCKS = YES;
				GCC_OPTIMIZATION_LEVEL = 0;
				GCC_PREPROCESSOR_DEFINITIONS = (
					"DEBUG=1",
					"$(inherited)",
				);
				GCC_SYMBOLS_PRIVATE_EXTERN = NO;
				GCC_WARN_64_TO_32_BIT_CONVERSION = YES;
				GCC_WARN_ABOUT_RETURN_TYPE = YES_ERROR;
				GCC_WARN_UNDECLARED_SELECTOR = YES;
				GCC_WARN_UNINITIALIZED_AUTOS = YES_AGGRESSIVE;
				GCC_WARN_UNUSED_FUNCTION = YES;
				GCC_WARN_UNUSED_VARIABLE = YES;
				IPHONEOS_DEPLOYMENT_TARGET = 8.0;
				MTL_ENABLE_DEBUG_INFO = YES;
				ONLY_ACTIVE_ARCH = YES;
				SDKROOT = iphoneos;
			};
			name = Debug;
		};
		58B511EE1A9E6C8500147676 /* Release */ = {
			isa = XCBuildConfiguration;
			buildSettings = {
				ALWAYS_SEARCH_USER_PATHS = NO;
				CLANG_CXX_LANGUAGE_STANDARD = "gnu++0x";
				CLANG_CXX_LIBRARY = "libc++";
				CLANG_ENABLE_MODULES = YES;
				CLANG_ENABLE_OBJC_ARC = YES;
				CLANG_WARN_BLOCK_CAPTURE_AUTORELEASING = YES;
				CLANG_WARN_BOOL_CONVERSION = YES;
				CLANG_WARN_COMMA = YES;
				CLANG_WARN_CONSTANT_CONVERSION = YES;
				CLANG_WARN_DIRECT_OBJC_ISA_USAGE = YES_ERROR;
				CLANG_WARN_EMPTY_BODY = YES;
				CLANG_WARN_ENUM_CONVERSION = YES;
				CLANG_WARN_INFINITE_RECURSION = YES;
				CLANG_WARN_INT_CONVERSION = YES;
				CLANG_WARN_NON_LITERAL_NULL_CONVERSION = YES;
				CLANG_WARN_OBJC_LITERAL_CONVERSION = YES;
				CLANG_WARN_OBJC_ROOT_CLASS = YES_ERROR;
				CLANG_WARN_RANGE_LOOP_ANALYSIS = YES;
				CLANG_WARN_STRICT_PROTOTYPES = YES;
				CLANG_WARN_SUSPICIOUS_MOVE = YES;
				CLANG_WARN_UNREACHABLE_CODE = YES;
				CLANG_WARN__DUPLICATE_METHOD_MATCH = YES;
				COPY_PHASE_STRIP = YES;
				ENABLE_NS_ASSERTIONS = NO;
				ENABLE_STRICT_OBJC_MSGSEND = YES;
				"EXCLUDED_ARCHS[sdk=*]" = arm64;
				GCC_C_LANGUAGE_STANDARD = gnu99;
				GCC_NO_COMMON_BLOCKS = YES;
				GCC_WARN_64_TO_32_BIT_CONVERSION = YES;
				GCC_WARN_ABOUT_RETURN_TYPE = YES_ERROR;
				GCC_WARN_UNDECLARED_SELECTOR = YES;
				GCC_WARN_UNINITIALIZED_AUTOS = YES_AGGRESSIVE;
				GCC_WARN_UNUSED_FUNCTION = YES;
				GCC_WARN_UNUSED_VARIABLE = YES;
				IPHONEOS_DEPLOYMENT_TARGET = 8.0;
				MTL_ENABLE_DEBUG_INFO = NO;
				SDKROOT = iphoneos;
				VALIDATE_PRODUCT = YES;
			};
			name = Release;
		};
		58B511F01A9E6C8500147676 /* Debug */ = {
			isa = XCBuildConfiguration;
			buildSettings = {
				HEADER_SEARCH_PATHS = (
					"$(inherited)",
					/Applications/Xcode.app/Contents/Developer/Toolchains/XcodeDefault.xctoolchain/usr/include,
					"$(SRCROOT)/../../../React/**",
					"$(SRCROOT)/../../react-native/React/**",
				);
				LIBRARY_SEARCH_PATHS = (
					"$(inherited)",
					"$(PROJECT_DIR)",
				);
				OTHER_LDFLAGS = (
					"-ObjC",
					"$(inherited)",
				);
				PRODUCT_NAME = BacktraceReactNative;
				SKIP_INSTALL = YES;
			};
			name = Debug;
		};
		58B511F11A9E6C8500147676 /* Release */ = {
			isa = XCBuildConfiguration;
			buildSettings = {
				HEADER_SEARCH_PATHS = (
					"$(inherited)",
					/Applications/Xcode.app/Contents/Developer/Toolchains/XcodeDefault.xctoolchain/usr/include,
					"$(SRCROOT)/../../../React/**",
					"$(SRCROOT)/../../react-native/React/**",
				);
				LIBRARY_SEARCH_PATHS = (
					"$(inherited)",
					"$(PROJECT_DIR)",
				);
				OTHER_LDFLAGS = (
					"-ObjC",
					"$(inherited)",
				);
				PRODUCT_NAME = BacktraceReactNative;
				SKIP_INSTALL = YES;
			};
			name = Release;
		};
/* End XCBuildConfiguration section */

/* Begin XCConfigurationList section */
		58B511D61A9E6C8500147676 /* Build configuration list for PBXProject "BacktraceReactNative" */ = {
			isa = XCConfigurationList;
			buildConfigurations = (
				58B511ED1A9E6C8500147676 /* Debug */,
				58B511EE1A9E6C8500147676 /* Release */,
			);
			defaultConfigurationIsVisible = 0;
			defaultConfigurationName = Release;
		};
		58B511EF1A9E6C8500147676 /* Build configuration list for PBXNativeTarget "BacktraceReactNative" */ = {
			isa = XCConfigurationList;
			buildConfigurations = (
				58B511F01A9E6C8500147676 /* Debug */,
				58B511F11A9E6C8500147676 /* Release */,
			);
			defaultConfigurationIsVisible = 0;
			defaultConfigurationName = Release;
		};
/* End XCConfigurationList section */
	};
	rootObject = 58B511D31A9E6C8500147676 /* Project object */;
}
