{
    "name": "@backtrace/node-example",
    "version": "1.0.0",
    "lockfileVersion": 2,
    "requires": true,
    "packages": {
        "": {
            "name": "@backtrace/node-example",
            "version": "1.0.0",
            "license": "MIT",
            "dependencies": {
                "@backtrace/node": "file:../../../packages/node"
            },
            "devDependencies": {
                "typescript": "^5.1.3"
            },
            "engines": {
                "node": ">=14"
            }
        },
        "../../../packages/node": {
            "version": "0.0.4",
            "license": "MIT",
            "dependencies": {
                "@backtrace/sdk-core": "^0.1.0",
                "form-data": "^4.0.0",
                "native-reg": "^1.1.1"
            },
            "devDependencies": {
                "@types/jest": "^29.5.1",
                "jest": "^29.5.0",
                "ts-jest": "^29.1.0",
                "ts-loader": "^9.4.3",
                "typescript": "^5.0.4",
                "webpack": "^5.87.0",
                "webpack-cli": "^5.1.4",
                "webpack-node-externals": "^3.0.0"
            },
            "engines": {
                "node": ">=14"
            }
        },
        "node_modules/@backtrace/node": {
            "resolved": "../../../packages/node",
            "link": true
        },
        "node_modules/typescript": {
            "version": "5.2.2",
            "resolved": "https://registry.npmjs.org/typescript/-/typescript-5.2.2.tgz",
            "integrity": "sha512-mI4WrpHsbCIcwT9cF4FZvr80QUeKvsUsUvKDoR+X/7XHQH98xYD8YHZg7ANtz2GtZt/CBq2QJ0thkGJMHfqc1w==",
            "dev": true,
            "bin": {
                "tsc": "bin/tsc",
                "tsserver": "bin/tsserver"
            },
            "engines": {
                "node": ">=14.17"
            }
        }
    },
    "dependencies": {
        "@backtrace/node": {
            "version": "file:../../../packages/node",
            "requires": {
                "@backtrace/sdk-core": "^0.1.0",
                "@types/jest": "^29.5.1",
                "form-data": "^4.0.0",
                "jest": "^29.5.0",
                "native-reg": "^1.1.1",
                "ts-jest": "^29.1.0",
                "ts-loader": "^9.4.3",
                "typescript": "^5.0.4",
                "webpack": "^5.87.0",
                "webpack-cli": "^5.1.4",
                "webpack-node-externals": "^3.0.0"
            }
        },
        "typescript": {
            "version": "5.2.2",
            "resolved": "https://registry.npmjs.org/typescript/-/typescript-5.2.2.tgz",
            "integrity": "sha512-mI4WrpHsbCIcwT9cF4FZvr80QUeKvsUsUvKDoR+X/7XHQH98xYD8YHZg7ANtz2GtZt/CBq2QJ0thkGJMHfqc1w==",
            "dev": true
        }
    }
}
